dependencies:
- name: rabbitmq
  repository: https://charts.bitnami.com/bitnami
  version: 11.13.0
- name: diana-http
  repository: file://../http-services
  version: 0.0.1
- name: diana-mq
  repository: file://../mq-services
  version: 0.0.1
digest: sha256:246fcb90c8edf911cc4ea345dc86c3a512f6d58c4ad3f0a5feab660fd0b536cb
generated: "2023-04-27T19:15:55.567925592-07:00"
